
Microsoft Visual Studio Solution File, Format Version 12.00
# Visual Studio Version 16
VisualStudioVersion = 16.0.31205.134
MinimumVisualStudioVersion = 10.0.40219.1
Project("{2150E333-8FDC-42A3-9474-1A3956D46DE8}") = "ShopManagement", "ShopManagement", "{F306BF4F-B4E4-4052-9830-651ED1AC0AB3}"
EndProject
Project("{2150E333-8FDC-42A3-9474-1A3956D46DE8}") = "SM.Domain", "SM.Domain", "{F91BA574-FE30-4324-B18A-B0D859F2B61A}"
EndProject
Project("{9A19103F-16F7-4668-BE54-9A1E7A4F7556}") = "ShopManagement.Domain", "ShopManagement.Domain\ShopManagement.Domain.csproj", "{1FAD061F-072B-4979-86FC-48C78972CC81}"
EndProject
Project("{9A19103F-16F7-4668-BE54-9A1E7A4F7556}") = "0_Framework", "0_Framework\0_Framework.csproj", "{220268D2-6B8E-4D21-8CFF-F39E3BC8FBB4}"
EndProject
Project("{2150E333-8FDC-42A3-9474-1A3956D46DE8}") = "SM.Application", "SM.Application", "{C8FCA441-7A6D-4847-A420-1B2740B5982D}"
EndProject
Project("{9A19103F-16F7-4668-BE54-9A1E7A4F7556}") = "ShopManagement.Application.Contracts", "ShopManagement.Application.Contracts\ShopManagement.Application.Contracts.csproj", "{2B1E4A5E-617B-4C28-B28B-D82BD30B8AD9}"
EndProject
Project("{9A19103F-16F7-4668-BE54-9A1E7A4F7556}") = "ShopManagement.Application", "ShopManagement.Application\ShopManagement.Application.csproj", "{5635A13B-2653-4C6C-B810-A2427920E9C1}"
EndProject
Project("{2150E333-8FDC-42A3-9474-1A3956D46DE8}") = "SM.Infrastructure", "SM.Infrastructure", "{D53E55DC-ED55-43A0-836D-FBA7697DEFEA}"
EndProject
Project("{9A19103F-16F7-4668-BE54-9A1E7A4F7556}") = "ShopManagement.Infrastructure.EFCore", "ShopManagement.Infrastructure.EFCore\ShopManagement.Infrastructure.EFCore.csproj", "{7F8D3385-FCB4-42EC-8452-ADE57F489627}"
EndProject
Project("{9A19103F-16F7-4668-BE54-9A1E7A4F7556}") = "ShopManagement.Infrastructure.Configuration", "ShopManagement.Infrastructure.Configuration\ShopManagement.Infrastructure.Configuration.csproj", "{112E1904-8933-497E-B4B7-F7C203611D7C}"
EndProject
Project("{9A19103F-16F7-4668-BE54-9A1E7A4F7556}") = "ServiceHost", "ServiceHost\ServiceHost.csproj", "{976EC9C3-FF6B-4830-94BC-D51F961C8368}"
EndProject
Project("{9A19103F-16F7-4668-BE54-9A1E7A4F7556}") = "01_LampshadeQuery", "01_LampshadeQuery\01_LampshadeQuery.csproj", "{8B14141D-6AA2-4AAD-81E7-C01604C74E77}"
EndProject
Project("{2150E333-8FDC-42A3-9474-1A3956D46DE8}") = "DiscountManagement", "DiscountManagement", "{8BB80BEF-884F-4FF2-A87E-3AB05AB24589}"
EndProject
Project("{2150E333-8FDC-42A3-9474-1A3956D46DE8}") = "DM.Domain", "DM.Domain", "{FDD3E1DA-E435-4138-A92B-C34D66A443A1}"
EndProject
Project("{9A19103F-16F7-4668-BE54-9A1E7A4F7556}") = "DiscountManagement.Domain", "DiscountManagement.Domain\DiscountManagement.Domain.csproj", "{C2BA857C-E744-4194-ABE3-E6D9BA9B446F}"
EndProject
Project("{2150E333-8FDC-42A3-9474-1A3956D46DE8}") = "DM.Application", "DM.Application", "{06F7193D-0CD7-496F-A619-EC1E403E77CB}"
EndProject
Project("{9A19103F-16F7-4668-BE54-9A1E7A4F7556}") = "DiscountManagement.Application.Contract", "DiscountManagement.Contracts.Application\DiscountManagement.Application.Contract.csproj", "{43B15BC5-D476-49D4-BF4A-0D648E27210C}"
EndProject
Project("{9A19103F-16F7-4668-BE54-9A1E7A4F7556}") = "DiscountManagement.Application", "DiscountManagement.Application\DiscountManagement.Application.csproj", "{B32B68FC-C621-47B8-97E4-113EADAEB7C5}"
EndProject
Project("{2150E333-8FDC-42A3-9474-1A3956D46DE8}") = "DM.Infrastructure", "DM.Infrastructure", "{4D583AF5-F5D6-4661-946C-AF252483D315}"
EndProject
Project("{9A19103F-16F7-4668-BE54-9A1E7A4F7556}") = "DiscountManagement.Infrastructure.EFCore", "DiscountManagement.Infrastructure.EFCore\DiscountManagement.Infrastructure.EFCore.csproj", "{21545A09-1FEB-4C3E-900A-532D7840E7E0}"
EndProject
Project("{9A19103F-16F7-4668-BE54-9A1E7A4F7556}") = "DiscountManagement.Infrastructure.Configuration", "DiscountManagement.Infrastructure.Configuration\DiscountManagement.Infrastructure.Configuration.csproj", "{7CF98D0E-3A3D-4C6F-9E86-8BBEF285581D}"
EndProject
Project("{2150E333-8FDC-42A3-9474-1A3956D46DE8}") = "InventoryManagement", "InventoryManagement", "{690DEB04-B205-466B-9FB8-C4DC50F3CB94}"
EndProject
Project("{2150E333-8FDC-42A3-9474-1A3956D46DE8}") = "IM.Domain", "IM.Domain", "{5F1B7B8D-3088-498E-A6A0-CBC76D05C8A3}"
EndProject
Project("{FAE04EC0-301F-11D3-BF4B-00C04F79EFBC}") = "InventoryManagement.Domain", "InventoryManagement.Domain\InventoryManagement.Domain.csproj", "{8A35633A-5263-471F-A1C0-644D0274214B}"
EndProject
Project("{2150E333-8FDC-42A3-9474-1A3956D46DE8}") = "IM.Application", "IM.Application", "{0EBAD23D-2137-4343-A009-65901770327E}"
EndProject
Project("{FAE04EC0-301F-11D3-BF4B-00C04F79EFBC}") = "InventoryManagement.Application.Contract", "InventoryManagement.Application.Contract\InventoryManagement.Application.Contract.csproj", "{08FF3815-BFE3-49FA-8957-E53930E6DAE7}"
EndProject
Project("{2150E333-8FDC-42A3-9474-1A3956D46DE8}") = "IM.Infrastructure", "IM.Infrastructure", "{A97DE7EF-F676-4148-B80E-7327514869AC}"
EndProject
Project("{FAE04EC0-301F-11D3-BF4B-00C04F79EFBC}") = "InventoryManagement.Infrastructure.EFCore", "InventoryManagement.Infrastructure.EFCore\InventoryManagement.Infrastructure.EFCore.csproj", "{4AE9AECB-1EEB-42D3-9737-E16E5E8A6023}"
EndProject
Project("{FAE04EC0-301F-11D3-BF4B-00C04F79EFBC}") = "InventoryManagement.Infrastructure.Configuration", "InventoryManagement.Infrastructure.Configuration\InventoryManagement.Infrastructure.Configuration.csproj", "{B939D4A3-CC62-4256-B99C-723A4B5AEE9A}"
EndProject
Project("{FAE04EC0-301F-11D3-BF4B-00C04F79EFBC}") = "InventoryManagement.Application", "InventoryManagement.Application\InventoryManagement.Application.csproj", "{E4E5CD81-8238-44F2-ACDA-378B6D503157}"
EndProject
Global
	GlobalSection(SolutionConfigurationPlatforms) = preSolution
		Debug|Any CPU = Debug|Any CPU
		Release|Any CPU = Release|Any CPU
	EndGlobalSection
	GlobalSection(ProjectConfigurationPlatforms) = postSolution
		{1FAD061F-072B-4979-86FC-48C78972CC81}.Debug|Any CPU.ActiveCfg = Debug|Any CPU
		{1FAD061F-072B-4979-86FC-48C78972CC81}.Debug|Any CPU.Build.0 = Debug|Any CPU
		{1FAD061F-072B-4979-86FC-48C78972CC81}.Release|Any CPU.ActiveCfg = Release|Any CPU
		{1FAD061F-072B-4979-86FC-48C78972CC81}.Release|Any CPU.Build.0 = Release|Any CPU
		{220268D2-6B8E-4D21-8CFF-F39E3BC8FBB4}.Debug|Any CPU.ActiveCfg = Debug|Any CPU
		{220268D2-6B8E-4D21-8CFF-F39E3BC8FBB4}.Debug|Any CPU.Build.0 = Debug|Any CPU
		{220268D2-6B8E-4D21-8CFF-F39E3BC8FBB4}.Release|Any CPU.ActiveCfg = Release|Any CPU
		{220268D2-6B8E-4D21-8CFF-F39E3BC8FBB4}.Release|Any CPU.Build.0 = Release|Any CPU
		{2B1E4A5E-617B-4C28-B28B-D82BD30B8AD9}.Debug|Any CPU.ActiveCfg = Debug|Any CPU
		{2B1E4A5E-617B-4C28-B28B-D82BD30B8AD9}.Debug|Any CPU.Build.0 = Debug|Any CPU
		{2B1E4A5E-617B-4C28-B28B-D82BD30B8AD9}.Release|Any CPU.ActiveCfg = Release|Any CPU
		{2B1E4A5E-617B-4C28-B28B-D82BD30B8AD9}.Release|Any CPU.Build.0 = Release|Any CPU
		{5635A13B-2653-4C6C-B810-A2427920E9C1}.Debug|Any CPU.ActiveCfg = Debug|Any CPU
		{5635A13B-2653-4C6C-B810-A2427920E9C1}.Debug|Any CPU.Build.0 = Debug|Any CPU
		{5635A13B-2653-4C6C-B810-A2427920E9C1}.Release|Any CPU.ActiveCfg = Release|Any CPU
		{5635A13B-2653-4C6C-B810-A2427920E9C1}.Release|Any CPU.Build.0 = Release|Any CPU
		{7F8D3385-FCB4-42EC-8452-ADE57F489627}.Debug|Any CPU.ActiveCfg = Debug|Any CPU
		{7F8D3385-FCB4-42EC-8452-ADE57F489627}.Debug|Any CPU.Build.0 = Debug|Any CPU
		{7F8D3385-FCB4-42EC-8452-ADE57F489627}.Release|Any CPU.ActiveCfg = Release|Any CPU
		{7F8D3385-FCB4-42EC-8452-ADE57F489627}.Release|Any CPU.Build.0 = Release|Any CPU
		{112E1904-8933-497E-B4B7-F7C203611D7C}.Debug|Any CPU.ActiveCfg = Debug|Any CPU
		{112E1904-8933-497E-B4B7-F7C203611D7C}.Debug|Any CPU.Build.0 = Debug|Any CPU
		{112E1904-8933-497E-B4B7-F7C203611D7C}.Release|Any CPU.ActiveCfg = Release|Any CPU
		{112E1904-8933-497E-B4B7-F7C203611D7C}.Release|Any CPU.Build.0 = Release|Any CPU
		{976EC9C3-FF6B-4830-94BC-D51F961C8368}.Debug|Any CPU.ActiveCfg = Debug|Any CPU
		{976EC9C3-FF6B-4830-94BC-D51F961C8368}.Debug|Any CPU.Build.0 = Debug|Any CPU
		{976EC9C3-FF6B-4830-94BC-D51F961C8368}.Release|Any CPU.ActiveCfg = Release|Any CPU
		{976EC9C3-FF6B-4830-94BC-D51F961C8368}.Release|Any CPU.Build.0 = Release|Any CPU
		{8B14141D-6AA2-4AAD-81E7-C01604C74E77}.Debug|Any CPU.ActiveCfg = Debug|Any CPU
		{8B14141D-6AA2-4AAD-81E7-C01604C74E77}.Debug|Any CPU.Build.0 = Debug|Any CPU
		{8B14141D-6AA2-4AAD-81E7-C01604C74E77}.Release|Any CPU.ActiveCfg = Release|Any CPU
		{8B14141D-6AA2-4AAD-81E7-C01604C74E77}.Release|Any CPU.Build.0 = Release|Any CPU
		{C2BA857C-E744-4194-ABE3-E6D9BA9B446F}.Debug|Any CPU.ActiveCfg = Debug|Any CPU
		{C2BA857C-E744-4194-ABE3-E6D9BA9B446F}.Debug|Any CPU.Build.0 = Debug|Any CPU
		{C2BA857C-E744-4194-ABE3-E6D9BA9B446F}.Release|Any CPU.ActiveCfg = Release|Any CPU
		{C2BA857C-E744-4194-ABE3-E6D9BA9B446F}.Release|Any CPU.Build.0 = Release|Any CPU
		{43B15BC5-D476-49D4-BF4A-0D648E27210C}.Debug|Any CPU.ActiveCfg = Debug|Any CPU
		{43B15BC5-D476-49D4-BF4A-0D648E27210C}.Debug|Any CPU.Build.0 = Debug|Any CPU
		{43B15BC5-D476-49D4-BF4A-0D648E27210C}.Release|Any CPU.ActiveCfg = Release|Any CPU
		{43B15BC5-D476-49D4-BF4A-0D648E27210C}.Release|Any CPU.Build.0 = Release|Any CPU
		{B32B68FC-C621-47B8-97E4-113EADAEB7C5}.Debug|Any CPU.ActiveCfg = Debug|Any CPU
		{B32B68FC-C621-47B8-97E4-113EADAEB7C5}.Debug|Any CPU.Build.0 = Debug|Any CPU
		{B32B68FC-C621-47B8-97E4-113EADAEB7C5}.Release|Any CPU.ActiveCfg = Release|Any CPU
		{B32B68FC-C621-47B8-97E4-113EADAEB7C5}.Release|Any CPU.Build.0 = Release|Any CPU
		{21545A09-1FEB-4C3E-900A-532D7840E7E0}.Debug|Any CPU.ActiveCfg = Debug|Any CPU
		{21545A09-1FEB-4C3E-900A-532D7840E7E0}.Debug|Any CPU.Build.0 = Debug|Any CPU
		{21545A09-1FEB-4C3E-900A-532D7840E7E0}.Release|Any CPU.ActiveCfg = Release|Any CPU
		{21545A09-1FEB-4C3E-900A-532D7840E7E0}.Release|Any CPU.Build.0 = Release|Any CPU
		{7CF98D0E-3A3D-4C6F-9E86-8BBEF285581D}.Debug|Any CPU.ActiveCfg = Debug|Any CPU
		{7CF98D0E-3A3D-4C6F-9E86-8BBEF285581D}.Debug|Any CPU.Build.0 = Debug|Any CPU
		{7CF98D0E-3A3D-4C6F-9E86-8BBEF285581D}.Release|Any CPU.ActiveCfg = Release|Any CPU
		{7CF98D0E-3A3D-4C6F-9E86-8BBEF285581D}.Release|Any CPU.Build.0 = Release|Any CPU
		{8A35633A-5263-471F-A1C0-644D0274214B}.Debug|Any CPU.ActiveCfg = Debug|Any CPU
		{8A35633A-5263-471F-A1C0-644D0274214B}.Debug|Any CPU.Build.0 = Debug|Any CPU
		{8A35633A-5263-471F-A1C0-644D0274214B}.Release|Any CPU.ActiveCfg = Release|Any CPU
		{8A35633A-5263-471F-A1C0-644D0274214B}.Release|Any CPU.Build.0 = Release|Any CPU
		{08FF3815-BFE3-49FA-8957-E53930E6DAE7}.Debug|Any CPU.ActiveCfg = Debug|Any CPU
		{08FF3815-BFE3-49FA-8957-E53930E6DAE7}.Debug|Any CPU.Build.0 = Debug|Any CPU
		{08FF3815-BFE3-49FA-8957-E53930E6DAE7}.Release|Any CPU.ActiveCfg = Release|Any CPU
		{08FF3815-BFE3-49FA-8957-E53930E6DAE7}.Release|Any CPU.Build.0 = Release|Any CPU
		{4AE9AECB-1EEB-42D3-9737-E16E5E8A6023}.Debug|Any CPU.ActiveCfg = Debug|Any CPU
		{4AE9AECB-1EEB-42D3-9737-E16E5E8A6023}.Debug|Any CPU.Build.0 = Debug|Any CPU
		{4AE9AECB-1EEB-42D3-9737-E16E5E8A6023}.Release|Any CPU.ActiveCfg = Release|Any CPU
		{4AE9AECB-1EEB-42D3-9737-E16E5E8A6023}.Release|Any CPU.Build.0 = Release|Any CPU
		{B939D4A3-CC62-4256-B99C-723A4B5AEE9A}.Debug|Any CPU.ActiveCfg = Debug|Any CPU
		{B939D4A3-CC62-4256-B99C-723A4B5AEE9A}.Debug|Any CPU.Build.0 = Debug|Any CPU
		{B939D4A3-CC62-4256-B99C-723A4B5AEE9A}.Release|Any CPU.ActiveCfg = Release|Any CPU
		{B939D4A3-CC62-4256-B99C-723A4B5AEE9A}.Release|Any CPU.Build.0 = Release|Any CPU
		{E4E5CD81-8238-44F2-ACDA-378B6D503157}.Debug|Any CPU.ActiveCfg = Debug|Any CPU
		{E4E5CD81-8238-44F2-ACDA-378B6D503157}.Debug|Any CPU.Build.0 = Debug|Any CPU
		{E4E5CD81-8238-44F2-ACDA-378B6D503157}.Release|Any CPU.ActiveCfg = Release|Any CPU
		{E4E5CD81-8238-44F2-ACDA-378B6D503157}.Release|Any CPU.Build.0 = Release|Any CPU
	EndGlobalSection
	GlobalSection(SolutionProperties) = preSolution
		HideSolutionNode = FALSE
	EndGlobalSection
	GlobalSection(NestedProjects) = preSolution
		{F91BA574-FE30-4324-B18A-B0D859F2B61A} = {F306BF4F-B4E4-4052-9830-651ED1AC0AB3}
		{1FAD061F-072B-4979-86FC-48C78972CC81} = {F91BA574-FE30-4324-B18A-B0D859F2B61A}
		{C8FCA441-7A6D-4847-A420-1B2740B5982D} = {F306BF4F-B4E4-4052-9830-651ED1AC0AB3}
		{2B1E4A5E-617B-4C28-B28B-D82BD30B8AD9} = {C8FCA441-7A6D-4847-A420-1B2740B5982D}
		{5635A13B-2653-4C6C-B810-A2427920E9C1} = {C8FCA441-7A6D-4847-A420-1B2740B5982D}
		{D53E55DC-ED55-43A0-836D-FBA7697DEFEA} = {F306BF4F-B4E4-4052-9830-651ED1AC0AB3}
		{7F8D3385-FCB4-42EC-8452-ADE57F489627} = {D53E55DC-ED55-43A0-836D-FBA7697DEFEA}
		{112E1904-8933-497E-B4B7-F7C203611D7C} = {D53E55DC-ED55-43A0-836D-FBA7697DEFEA}
		{FDD3E1DA-E435-4138-A92B-C34D66A443A1} = {8BB80BEF-884F-4FF2-A87E-3AB05AB24589}
		{C2BA857C-E744-4194-ABE3-E6D9BA9B446F} = {FDD3E1DA-E435-4138-A92B-C34D66A443A1}
		{06F7193D-0CD7-496F-A619-EC1E403E77CB} = {8BB80BEF-884F-4FF2-A87E-3AB05AB24589}
		{43B15BC5-D476-49D4-BF4A-0D648E27210C} = {06F7193D-0CD7-496F-A619-EC1E403E77CB}
		{B32B68FC-C621-47B8-97E4-113EADAEB7C5} = {06F7193D-0CD7-496F-A619-EC1E403E77CB}
		{4D583AF5-F5D6-4661-946C-AF252483D315} = {8BB80BEF-884F-4FF2-A87E-3AB05AB24589}
		{21545A09-1FEB-4C3E-900A-532D7840E7E0} = {4D583AF5-F5D6-4661-946C-AF252483D315}
		{7CF98D0E-3A3D-4C6F-9E86-8BBEF285581D} = {4D583AF5-F5D6-4661-946C-AF252483D315}
		{5F1B7B8D-3088-498E-A6A0-CBC76D05C8A3} = {690DEB04-B205-466B-9FB8-C4DC50F3CB94}
		{8A35633A-5263-471F-A1C0-644D0274214B} = {5F1B7B8D-3088-498E-A6A0-CBC76D05C8A3}
		{0EBAD23D-2137-4343-A009-65901770327E} = {690DEB04-B205-466B-9FB8-C4DC50F3CB94}
		{08FF3815-BFE3-49FA-8957-E53930E6DAE7} = {0EBAD23D-2137-4343-A009-65901770327E}
		{A97DE7EF-F676-4148-B80E-7327514869AC} = {690DEB04-B205-466B-9FB8-C4DC50F3CB94}
		{4AE9AECB-1EEB-42D3-9737-E16E5E8A6023} = {A97DE7EF-F676-4148-B80E-7327514869AC}
		{B939D4A3-CC62-4256-B99C-723A4B5AEE9A} = {A97DE7EF-F676-4148-B80E-7327514869AC}
		{E4E5CD81-8238-44F2-ACDA-378B6D503157} = {0EBAD23D-2137-4343-A009-65901770327E}
	EndGlobalSection
	GlobalSection(ExtensibilityGlobals) = postSolution
		SolutionGuid = {9F5DD927-1E69-4589-B5CC-999284CBBD0A}
	EndGlobalSection
EndGlobal
